<?xml version="1.0" encoding="UTF-8" standalone="yes" ?>
<CodeBlocks_project_file>
	<FileVersion major="1" minor="6" />
	<Project>
		<Option title="emcweb" />
		<Option makefile_is_custom="1" />
		<Option pch_mode="2" />
		<Option compiler="gcc" />
		<Build>
			<Target title="Release">
				<Option output="bin/Release/emcweb" prefix_auto="1" extension_auto="1" />
				<Option object_output="obj/Release/" />
				<Option type="1" />
				<Option compiler="gcc" />
				<Compiler>
					<Add option="-O2" />
				</Compiler>
				<Linker>
					<Add option="-s" />
				</Linker>
			</Target>
			<Target title="all">
				<Option output="emcweb" prefix_auto="0" extension_auto="0" />
				<Option type="1" />
				<Option compiler="armelfgcc" />
				<Option use_console_runner="0" />
				<Environment>
					<Variable name="CFLAGS" value='&quot;--sysroot /home/ksu/projects/miniemc/googlecode/miniemc2/buildroot/output/staging&quot;' />
				</Environment>
				<MakeCommands>
					<Build command='CXX=/opt/CodeSourcery/Sourcery_G++_Lite/bin/arm-none-linux-gnueabi-g++ CC=/opt/CodeSourcery/Sourcery_G++_Lite/bin/arm-none-linux-gnueabi-gcc  CFLAGS=&quot;--sysroot /home/ksu/projects/miniemc/googlecode/miniemc2/buildroot/output/staging&quot; $make  -f $makefile $target' />
					<CompileFile command="$makex -f $makefile $file" />
					<Clean command="$make -f $makefile clean" />
					<DistClean command="$make -f $makefile distclean$target" />
					<AskRebuildNeeded command="$make -q -f $makefile $target" />
					<SilentBuild command='CXX=/opt/CodeSourcery/Sourcery_G++_Lite/bin/arm-none-linux-gnueabi-g++ CC=/opt/CodeSourcery/Sourcery_G++_Lite/bin/arm-none-linux-gnueabi-gcc  CFLAGS=&quot;--sysroot /home/ksu/projects/miniemc/googlecode/miniemc2/buildroot/output/staging&quot; $make  -f $makefile $target' />
				</MakeCommands>
			</Target>
		</Build>
		<Compiler>
			<Add option="-Wall" />
			<Add option="-fexceptions" />
		</Compiler>
		<Unit filename="Makefile">
			<Option target="all" />
		</Unit>
		<Unit filename="emccontroller.cpp">
			<Option target="Release" />
		</Unit>
		<Unit filename="main.cpp">
			<Option target="Release" />
		</Unit>
		<Unit filename="mongoose.c">
			<Option compilerVar="CC" />
			<Option target="Release" />
		</Unit>
		<Unit filename="mongoose_wrapper.cpp">
			<Option target="Release" />
		</Unit>
		<Extensions>
			<code_completion />
			<debugger />
		</Extensions>
	</Project>
</CodeBlocks_project_file>
